
Microsoft Visual Studio Solution File, Format Version 12.00
# Visual Studio Version 16
VisualStudioVersion = 16.0.30114.105
MinimumVisualStudioVersion = 10.0.40219.1
Project("{FAE04EC0-301F-11D3-BF4B-00C04F79EFBC}") = "API", "API\API.csproj", "{D9C20B01-5EF6-46BF-AC50-C5691A14002B}"
EndProject
Project("{FAE04EC0-301F-11D3-BF4B-00C04F79EFBC}") = "Domain", "Domain\Domain.csproj", "{C9E78F6B-E230-45C2-9EB9-E495B3AD33D4}"
EndProject
Project("{FAE04EC0-301F-11D3-BF4B-00C04F79EFBC}") = "Services", "Services\Services.csproj", "{12F95D9E-D792-45C0-B6EF-91F01D199348}"
EndProject
Global
	GlobalSection(SolutionConfigurationPlatforms) = preSolution
		Debug|Any CPU = Debug|Any CPU
		Release|Any CPU = Release|Any CPU
	EndGlobalSection
	GlobalSection(SolutionProperties) = preSolution
		HideSolutionNode = FALSE
	EndGlobalSection
	GlobalSection(ProjectConfigurationPlatforms) = postSolution
		{D9C20B01-5EF6-46BF-AC50-C5691A14002B}.Debug|Any CPU.ActiveCfg = Debug|Any CPU
		{D9C20B01-5EF6-46BF-AC50-C5691A14002B}.Debug|Any CPU.Build.0 = Debug|Any CPU
		{D9C20B01-5EF6-46BF-AC50-C5691A14002B}.Release|Any CPU.ActiveCfg = Release|Any CPU
		{D9C20B01-5EF6-46BF-AC50-C5691A14002B}.Release|Any CPU.Build.0 = Release|Any CPU
		{C9E78F6B-E230-45C2-9EB9-E495B3AD33D4}.Debug|Any CPU.ActiveCfg = Debug|Any CPU
		{C9E78F6B-E230-45C2-9EB9-E495B3AD33D4}.Debug|Any CPU.Build.0 = Debug|Any CPU
		{C9E78F6B-E230-45C2-9EB9-E495B3AD33D4}.Release|Any CPU.ActiveCfg = Release|Any CPU
		{C9E78F6B-E230-45C2-9EB9-E495B3AD33D4}.Release|Any CPU.Build.0 = Release|Any CPU
		{12F95D9E-D792-45C0-B6EF-91F01D199348}.Debug|Any CPU.ActiveCfg = Debug|Any CPU
		{12F95D9E-D792-45C0-B6EF-91F01D199348}.Debug|Any CPU.Build.0 = Debug|Any CPU
		{12F95D9E-D792-45C0-B6EF-91F01D199348}.Release|Any CPU.ActiveCfg = Release|Any CPU
		{12F95D9E-D792-45C0-B6EF-91F01D199348}.Release|Any CPU.Build.0 = Release|Any CPU
	EndGlobalSection
EndGlobal
